
Microsoft Visual Studio Solution File, Format Version 12.00
# Visual Studio Version 16
VisualStudioVersion = 16.0.28917.181
MinimumVisualStudioVersion = 10.0.40219.1
Project("{FAE04EC0-301F-11D3-BF4B-00C04F79EFBC}") = "grace", "grace\grace.csproj", "{07A4B9AE-01FB-4380-AC84-522D95C8E823}"
EndProject
Project("{FAE04EC0-301F-11D3-BF4B-00C04F79EFBC}") = "grace_soul", "grace_soul\grace_soul.csproj", "{402C5999-CE6D-4DC4-91D6-CCEBD65324DA}"
EndProject
Project("{FAE04EC0-301F-11D3-BF4B-00C04F79EFBC}") = "grace_scheduler", "grace_scheduler\grace_scheduler.csproj", "{23153B01-A9C6-43DB-8894-1E0B84A0D0A1}"
EndProject
Project("{FAE04EC0-301F-11D3-BF4B-00C04F79EFBC}") = "grace_updater", "grace_updater\grace_updater.csproj", "{24C2533E-022B-4C7B-9EC8-4E6B308FD5DE}"
EndProject
Project("{8BC9CEB8-8B4A-11D0-8D11-00A0C91BC942}") = "grace_pf", "grace_pf\grace_pf\grace_pf.vcxproj", "{22FB811F-D66A-498F-8602-D3E6CFAE66D7}"
EndProject
Project("{54435603-DBB4-11D2-8724-00A0C9A8B90C}") = "grace_setup", "grace_setup\grace_setup\grace_setup.vdproj", "{B59C6172-2BA2-4EA1-A936-023CE1A091A0}"
EndProject
Project("{FAE04EC0-301F-11D3-BF4B-00C04F79EFBC}") = "grace_agent", "grace_agent\grace_agent.csproj", "{99CDA300-F188-43B4-A9C7-0541332B4F97}"
EndProject
Project("{2150E333-8FDC-42A3-9474-1A3956D46DE8}") = "grace_printer", "grace_printer", "{E9F321A8-98D1-4892-80C0-7117140A1232}"
EndProject
Global
	GlobalSection(SolutionConfigurationPlatforms) = preSolution
		CD_ROM|Any CPU = CD_ROM|Any CPU
		CD_ROM|Mixed Platforms = CD_ROM|Mixed Platforms
		CD_ROM|Win32 = CD_ROM|Win32
		CD_ROM|x64 = CD_ROM|x64
		Debug|Any CPU = Debug|Any CPU
		Debug|Mixed Platforms = Debug|Mixed Platforms
		Debug|Win32 = Debug|Win32
		Debug|x64 = Debug|x64
		DVD-5|Any CPU = DVD-5|Any CPU
		DVD-5|Mixed Platforms = DVD-5|Mixed Platforms
		DVD-5|Win32 = DVD-5|Win32
		DVD-5|x64 = DVD-5|x64
		Release|Any CPU = Release|Any CPU
		Release|Mixed Platforms = Release|Mixed Platforms
		Release|Win32 = Release|Win32
		Release|x64 = Release|x64
		SingleImage|Any CPU = SingleImage|Any CPU
		SingleImage|Mixed Platforms = SingleImage|Mixed Platforms
		SingleImage|Win32 = SingleImage|Win32
		SingleImage|x64 = SingleImage|x64
	EndGlobalSection
	GlobalSection(ProjectConfigurationPlatforms) = postSolution
		{07A4B9AE-01FB-4380-AC84-522D95C8E823}.CD_ROM|Any CPU.ActiveCfg = Release|Any CPU
		{07A4B9AE-01FB-4380-AC84-522D95C8E823}.CD_ROM|Any CPU.Build.0 = Release|Any CPU
		{07A4B9AE-01FB-4380-AC84-522D95C8E823}.CD_ROM|Mixed Platforms.ActiveCfg = Debug|Any CPU
		{07A4B9AE-01FB-4380-AC84-522D95C8E823}.CD_ROM|Mixed Platforms.Build.0 = Debug|Any CPU
		{07A4B9AE-01FB-4380-AC84-522D95C8E823}.CD_ROM|Win32.ActiveCfg = Debug|Any CPU
		{07A4B9AE-01FB-4380-AC84-522D95C8E823}.CD_ROM|x64.ActiveCfg = Debug|Any CPU
		{07A4B9AE-01FB-4380-AC84-522D95C8E823}.CD_ROM|x64.Build.0 = Debug|Any CPU
		{07A4B9AE-01FB-4380-AC84-522D95C8E823}.Debug|Any CPU.ActiveCfg = Debug|Any CPU
		{07A4B9AE-01FB-4380-AC84-522D95C8E823}.Debug|Any CPU.Build.0 = Debug|Any CPU
		{07A4B9AE-01FB-4380-AC84-522D95C8E823}.Debug|Mixed Platforms.ActiveCfg = Debug|Any CPU
		{07A4B9AE-01FB-4380-AC84-522D95C8E823}.Debug|Mixed Platforms.Build.0 = Debug|Any CPU
		{07A4B9AE-01FB-4380-AC84-522D95C8E823}.Debug|Win32.ActiveCfg = Debug|Any CPU
		{07A4B9AE-01FB-4380-AC84-522D95C8E823}.Debug|x64.ActiveCfg = Debug|Any CPU
		{07A4B9AE-01FB-4380-AC84-522D95C8E823}.Debug|x64.Build.0 = Debug|Any CPU
		{07A4B9AE-01FB-4380-AC84-522D95C8E823}.DVD-5|Any CPU.ActiveCfg = Debug|Any CPU
		{07A4B9AE-01FB-4380-AC84-522D95C8E823}.DVD-5|Any CPU.Build.0 = Debug|Any CPU
		{07A4B9AE-01FB-4380-AC84-522D95C8E823}.DVD-5|Mixed Platforms.ActiveCfg = Debug|Any CPU
		{07A4B9AE-01FB-4380-AC84-522D95C8E823}.DVD-5|Mixed Platforms.Build.0 = Debug|Any CPU
		{07A4B9AE-01FB-4380-AC84-522D95C8E823}.DVD-5|Win32.ActiveCfg = Debug|Any CPU
		{07A4B9AE-01FB-4380-AC84-522D95C8E823}.DVD-5|x64.ActiveCfg = Debug|Any CPU
		{07A4B9AE-01FB-4380-AC84-522D95C8E823}.DVD-5|x64.Build.0 = Debug|Any CPU
		{07A4B9AE-01FB-4380-AC84-522D95C8E823}.Release|Any CPU.ActiveCfg = Release|Any CPU
		{07A4B9AE-01FB-4380-AC84-522D95C8E823}.Release|Any CPU.Build.0 = Release|Any CPU
		{07A4B9AE-01FB-4380-AC84-522D95C8E823}.Release|Mixed Platforms.ActiveCfg = Release|Any CPU
		{07A4B9AE-01FB-4380-AC84-522D95C8E823}.Release|Mixed Platforms.Build.0 = Release|Any CPU
		{07A4B9AE-01FB-4380-AC84-522D95C8E823}.Release|Win32.ActiveCfg = Release|Any CPU
		{07A4B9AE-01FB-4380-AC84-522D95C8E823}.Release|x64.ActiveCfg = Release|Any CPU
		{07A4B9AE-01FB-4380-AC84-522D95C8E823}.Release|x64.Build.0 = Release|Any CPU
		{07A4B9AE-01FB-4380-AC84-522D95C8E823}.SingleImage|Any CPU.ActiveCfg = Release|Any CPU
		{07A4B9AE-01FB-4380-AC84-522D95C8E823}.SingleImage|Any CPU.Build.0 = Release|Any CPU
		{07A4B9AE-01FB-4380-AC84-522D95C8E823}.SingleImage|Mixed Platforms.ActiveCfg = Debug|Any CPU
		{07A4B9AE-01FB-4380-AC84-522D95C8E823}.SingleImage|Mixed Platforms.Build.0 = Debug|Any CPU
		{07A4B9AE-01FB-4380-AC84-522D95C8E823}.SingleImage|Win32.ActiveCfg = Debug|Any CPU
		{07A4B9AE-01FB-4380-AC84-522D95C8E823}.SingleImage|x64.ActiveCfg = Debug|Any CPU
		{07A4B9AE-01FB-4380-AC84-522D95C8E823}.SingleImage|x64.Build.0 = Debug|Any CPU
		{402C5999-CE6D-4DC4-91D6-CCEBD65324DA}.CD_ROM|Any CPU.ActiveCfg = Release|Any CPU
		{402C5999-CE6D-4DC4-91D6-CCEBD65324DA}.CD_ROM|Any CPU.Build.0 = Release|Any CPU
		{402C5999-CE6D-4DC4-91D6-CCEBD65324DA}.CD_ROM|Mixed Platforms.ActiveCfg = Debug|Any CPU
		{402C5999-CE6D-4DC4-91D6-CCEBD65324DA}.CD_ROM|Mixed Platforms.Build.0 = Debug|Any CPU
		{402C5999-CE6D-4DC4-91D6-CCEBD65324DA}.CD_ROM|Win32.ActiveCfg = Debug|Any CPU
		{402C5999-CE6D-4DC4-91D6-CCEBD65324DA}.CD_ROM|x64.ActiveCfg = Debug|Any CPU
		{402C5999-CE6D-4DC4-91D6-CCEBD65324DA}.CD_ROM|x64.Build.0 = Debug|Any CPU
		{402C5999-CE6D-4DC4-91D6-CCEBD65324DA}.Debug|Any CPU.ActiveCfg = Debug|Any CPU
		{402C5999-CE6D-4DC4-91D6-CCEBD65324DA}.Debug|Any CPU.Build.0 = Debug|Any CPU
		{402C5999-CE6D-4DC4-91D6-CCEBD65324DA}.Debug|Mixed Platforms.ActiveCfg = Debug|Any CPU
		{402C5999-CE6D-4DC4-91D6-CCEBD65324DA}.Debug|Mixed Platforms.Build.0 = Debug|Any CPU
		{402C5999-CE6D-4DC4-91D6-CCEBD65324DA}.Debug|Win32.ActiveCfg = Debug|Any CPU
		{402C5999-CE6D-4DC4-91D6-CCEBD65324DA}.Debug|x64.ActiveCfg = Debug|Any CPU
		{402C5999-CE6D-4DC4-91D6-CCEBD65324DA}.Debug|x64.Build.0 = Debug|Any CPU
		{402C5999-CE6D-4DC4-91D6-CCEBD65324DA}.DVD-5|Any CPU.ActiveCfg = Debug|Any CPU
		{402C5999-CE6D-4DC4-91D6-CCEBD65324DA}.DVD-5|Any CPU.Build.0 = Debug|Any CPU
		{402C5999-CE6D-4DC4-91D6-CCEBD65324DA}.DVD-5|Mixed Platforms.ActiveCfg = Debug|Any CPU
		{402C5999-CE6D-4DC4-91D6-CCEBD65324DA}.DVD-5|Mixed Platforms.Build.0 = Debug|Any CPU
		{402C5999-CE6D-4DC4-91D6-CCEBD65324DA}.DVD-5|Win32.ActiveCfg = Debug|Any CPU
		{402C5999-CE6D-4DC4-91D6-CCEBD65324DA}.DVD-5|x64.ActiveCfg = Debug|Any CPU
		{402C5999-CE6D-4DC4-91D6-CCEBD65324DA}.DVD-5|x64.Build.0 = Debug|Any CPU
		{402C5999-CE6D-4DC4-91D6-CCEBD65324DA}.Release|Any CPU.ActiveCfg = Release|Any CPU
		{402C5999-CE6D-4DC4-91D6-CCEBD65324DA}.Release|Any CPU.Build.0 = Release|Any CPU
		{402C5999-CE6D-4DC4-91D6-CCEBD65324DA}.Release|Mixed Platforms.ActiveCfg = Release|Any CPU
		{402C5999-CE6D-4DC4-91D6-CCEBD65324DA}.Release|Mixed Platforms.Build.0 = Release|Any CPU
		{402C5999-CE6D-4DC4-91D6-CCEBD65324DA}.Release|Win32.ActiveCfg = Release|Any CPU
		{402C5999-CE6D-4DC4-91D6-CCEBD65324DA}.Release|x64.ActiveCfg = Release|Any CPU
		{402C5999-CE6D-4DC4-91D6-CCEBD65324DA}.Release|x64.Build.0 = Release|Any CPU
		{402C5999-CE6D-4DC4-91D6-CCEBD65324DA}.SingleImage|Any CPU.ActiveCfg = Release|Any CPU
		{402C5999-CE6D-4DC4-91D6-CCEBD65324DA}.SingleImage|Any CPU.Build.0 = Release|Any CPU
		{402C5999-CE6D-4DC4-91D6-CCEBD65324DA}.SingleImage|Mixed Platforms.ActiveCfg = Debug|Any CPU
		{402C5999-CE6D-4DC4-91D6-CCEBD65324DA}.SingleImage|Mixed Platforms.Build.0 = Debug|Any CPU
		{402C5999-CE6D-4DC4-91D6-CCEBD65324DA}.SingleImage|Win32.ActiveCfg = Debug|Any CPU
		{402C5999-CE6D-4DC4-91D6-CCEBD65324DA}.SingleImage|x64.ActiveCfg = Debug|Any CPU
		{402C5999-CE6D-4DC4-91D6-CCEBD65324DA}.SingleImage|x64.Build.0 = Debug|Any CPU
		{23153B01-A9C6-43DB-8894-1E0B84A0D0A1}.CD_ROM|Any CPU.ActiveCfg = Release|Any CPU
		{23153B01-A9C6-43DB-8894-1E0B84A0D0A1}.CD_ROM|Any CPU.Build.0 = Release|Any CPU
		{23153B01-A9C6-43DB-8894-1E0B84A0D0A1}.CD_ROM|Mixed Platforms.ActiveCfg = Debug|Any CPU
		{23153B01-A9C6-43DB-8894-1E0B84A0D0A1}.CD_ROM|Mixed Platforms.Build.0 = Debug|Any CPU
		{23153B01-A9C6-43DB-8894-1E0B84A0D0A1}.CD_ROM|Win32.ActiveCfg = Debug|Any CPU
		{23153B01-A9C6-43DB-8894-1E0B84A0D0A1}.CD_ROM|x64.ActiveCfg = Debug|Any CPU
		{23153B01-A9C6-43DB-8894-1E0B84A0D0A1}.CD_ROM|x64.Build.0 = Debug|Any CPU
		{23153B01-A9C6-43DB-8894-1E0B84A0D0A1}.Debug|Any CPU.ActiveCfg = Debug|Any CPU
		{23153B01-A9C6-43DB-8894-1E0B84A0D0A1}.Debug|Any CPU.Build.0 = Debug|Any CPU
		{23153B01-A9C6-43DB-8894-1E0B84A0D0A1}.Debug|Mixed Platforms.ActiveCfg = Debug|Any CPU
		{23153B01-A9C6-43DB-8894-1E0B84A0D0A1}.Debug|Mixed Platforms.Build.0 = Debug|Any CPU
		{23153B01-A9C6-43DB-8894-1E0B84A0D0A1}.Debug|Win32.ActiveCfg = Debug|Any CPU
		{23153B01-A9C6-43DB-8894-1E0B84A0D0A1}.Debug|x64.ActiveCfg = Debug|Any CPU
		{23153B01-A9C6-43DB-8894-1E0B84A0D0A1}.Debug|x64.Build.0 = Debug|Any CPU
		{23153B01-A9C6-43DB-8894-1E0B84A0D0A1}.DVD-5|Any CPU.ActiveCfg = Debug|Any CPU
		{23153B01-A9C6-43DB-8894-1E0B84A0D0A1}.DVD-5|Any CPU.Build.0 = Debug|Any CPU
		{23153B01-A9C6-43DB-8894-1E0B84A0D0A1}.DVD-5|Mixed Platforms.ActiveCfg = Debug|Any CPU
		{23153B01-A9C6-43DB-8894-1E0B84A0D0A1}.DVD-5|Mixed Platforms.Build.0 = Debug|Any CPU
		{23153B01-A9C6-43DB-8894-1E0B84A0D0A1}.DVD-5|Win32.ActiveCfg = Debug|Any CPU
		{23153B01-A9C6-43DB-8894-1E0B84A0D0A1}.DVD-5|x64.ActiveCfg = Debug|Any CPU
		{23153B01-A9C6-43DB-8894-1E0B84A0D0A1}.DVD-5|x64.Build.0 = Debug|Any CPU
		{23153B01-A9C6-43DB-8894-1E0B84A0D0A1}.Release|Any CPU.ActiveCfg = Release|Any CPU
		{23153B01-A9C6-43DB-8894-1E0B84A0D0A1}.Release|Any CPU.Build.0 = Release|Any CPU
		{23153B01-A9C6-43DB-8894-1E0B84A0D0A1}.Release|Mixed Platforms.ActiveCfg = Release|Any CPU
		{23153B01-A9C6-43DB-8894-1E0B84A0D0A1}.Release|Mixed Platforms.Build.0 = Release|Any CPU
		{23153B01-A9C6-43DB-8894-1E0B84A0D0A1}.Release|Win32.ActiveCfg = Release|Any CPU
		{23153B01-A9C6-43DB-8894-1E0B84A0D0A1}.Release|x64.ActiveCfg = Release|Any CPU
		{23153B01-A9C6-43DB-8894-1E0B84A0D0A1}.Release|x64.Build.0 = Release|Any CPU
		{23153B01-A9C6-43DB-8894-1E0B84A0D0A1}.SingleImage|Any CPU.ActiveCfg = Release|Any CPU
		{23153B01-A9C6-43DB-8894-1E0B84A0D0A1}.SingleImage|Any CPU.Build.0 = Release|Any CPU
		{23153B01-A9C6-43DB-8894-1E0B84A0D0A1}.SingleImage|Mixed Platforms.ActiveCfg = Debug|Any CPU
		{23153B01-A9C6-43DB-8894-1E0B84A0D0A1}.SingleImage|Mixed Platforms.Build.0 = Debug|Any CPU
		{23153B01-A9C6-43DB-8894-1E0B84A0D0A1}.SingleImage|Win32.ActiveCfg = Debug|Any CPU
		{23153B01-A9C6-43DB-8894-1E0B84A0D0A1}.SingleImage|x64.ActiveCfg = Debug|Any CPU
		{23153B01-A9C6-43DB-8894-1E0B84A0D0A1}.SingleImage|x64.Build.0 = Debug|Any CPU
		{24C2533E-022B-4C7B-9EC8-4E6B308FD5DE}.CD_ROM|Any CPU.ActiveCfg = Release|Any CPU
		{24C2533E-022B-4C7B-9EC8-4E6B308FD5DE}.CD_ROM|Any CPU.Build.0 = Release|Any CPU
		{24C2533E-022B-4C7B-9EC8-4E6B308FD5DE}.CD_ROM|Mixed Platforms.ActiveCfg = Debug|Any CPU
		{24C2533E-022B-4C7B-9EC8-4E6B308FD5DE}.CD_ROM|Mixed Platforms.Build.0 = Debug|Any CPU
		{24C2533E-022B-4C7B-9EC8-4E6B308FD5DE}.CD_ROM|Win32.ActiveCfg = Debug|Any CPU
		{24C2533E-022B-4C7B-9EC8-4E6B308FD5DE}.CD_ROM|x64.ActiveCfg = Debug|Any CPU
		{24C2533E-022B-4C7B-9EC8-4E6B308FD5DE}.CD_ROM|x64.Build.0 = Debug|Any CPU
		{24C2533E-022B-4C7B-9EC8-4E6B308FD5DE}.Debug|Any CPU.ActiveCfg = Debug|Any CPU
		{24C2533E-022B-4C7B-9EC8-4E6B308FD5DE}.Debug|Any CPU.Build.0 = Debug|Any CPU
		{24C2533E-022B-4C7B-9EC8-4E6B308FD5DE}.Debug|Mixed Platforms.ActiveCfg = Debug|Any CPU
		{24C2533E-022B-4C7B-9EC8-4E6B308FD5DE}.Debug|Mixed Platforms.Build.0 = Debug|Any CPU
		{24C2533E-022B-4C7B-9EC8-4E6B308FD5DE}.Debug|Win32.ActiveCfg = Debug|Any CPU
		{24C2533E-022B-4C7B-9EC8-4E6B308FD5DE}.Debug|x64.ActiveCfg = Debug|Any CPU
		{24C2533E-022B-4C7B-9EC8-4E6B308FD5DE}.Debug|x64.Build.0 = Debug|Any CPU
		{24C2533E-022B-4C7B-9EC8-4E6B308FD5DE}.DVD-5|Any CPU.ActiveCfg = Debug|Any CPU
		{24C2533E-022B-4C7B-9EC8-4E6B308FD5DE}.DVD-5|Any CPU.Build.0 = Debug|Any CPU
		{24C2533E-022B-4C7B-9EC8-4E6B308FD5DE}.DVD-5|Mixed Platforms.ActiveCfg = Debug|Any CPU
		{24C2533E-022B-4C7B-9EC8-4E6B308FD5DE}.DVD-5|Mixed Platforms.Build.0 = Debug|Any CPU
		{24C2533E-022B-4C7B-9EC8-4E6B308FD5DE}.DVD-5|Win32.ActiveCfg = Debug|Any CPU
		{24C2533E-022B-4C7B-9EC8-4E6B308FD5DE}.DVD-5|x64.ActiveCfg = Debug|Any CPU
		{24C2533E-022B-4C7B-9EC8-4E6B308FD5DE}.DVD-5|x64.Build.0 = Debug|Any CPU
		{24C2533E-022B-4C7B-9EC8-4E6B308FD5DE}.Release|Any CPU.ActiveCfg = Release|Any CPU
		{24C2533E-022B-4C7B-9EC8-4E6B308FD5DE}.Release|Any CPU.Build.0 = Release|Any CPU
		{24C2533E-022B-4C7B-9EC8-4E6B308FD5DE}.Release|Mixed Platforms.ActiveCfg = Release|Any CPU
		{24C2533E-022B-4C7B-9EC8-4E6B308FD5DE}.Release|Mixed Platforms.Build.0 = Release|Any CPU
		{24C2533E-022B-4C7B-9EC8-4E6B308FD5DE}.Release|Win32.ActiveCfg = Release|Any CPU
		{24C2533E-022B-4C7B-9EC8-4E6B308FD5DE}.Release|x64.ActiveCfg = Release|Any CPU
		{24C2533E-022B-4C7B-9EC8-4E6B308FD5DE}.Release|x64.Build.0 = Release|Any CPU
		{24C2533E-022B-4C7B-9EC8-4E6B308FD5DE}.SingleImage|Any CPU.ActiveCfg = Release|Any CPU
		{24C2533E-022B-4C7B-9EC8-4E6B308FD5DE}.SingleImage|Any CPU.Build.0 = Release|Any CPU
		{24C2533E-022B-4C7B-9EC8-4E6B308FD5DE}.SingleImage|Mixed Platforms.ActiveCfg = Debug|Any CPU
		{24C2533E-022B-4C7B-9EC8-4E6B308FD5DE}.SingleImage|Mixed Platforms.Build.0 = Debug|Any CPU
		{24C2533E-022B-4C7B-9EC8-4E6B308FD5DE}.SingleImage|Win32.ActiveCfg = Debug|Any CPU
		{24C2533E-022B-4C7B-9EC8-4E6B308FD5DE}.SingleImage|x64.ActiveCfg = Debug|Any CPU
		{24C2533E-022B-4C7B-9EC8-4E6B308FD5DE}.SingleImage|x64.Build.0 = Debug|Any CPU
		{22FB811F-D66A-498F-8602-D3E6CFAE66D7}.CD_ROM|Any CPU.ActiveCfg = Release|x64
		{22FB811F-D66A-498F-8602-D3E6CFAE66D7}.CD_ROM|Any CPU.Build.0 = Release|x64
		{22FB811F-D66A-498F-8602-D3E6CFAE66D7}.CD_ROM|Mixed Platforms.ActiveCfg = Release|Win32
		{22FB811F-D66A-498F-8602-D3E6CFAE66D7}.CD_ROM|Mixed Platforms.Build.0 = Release|Win32
		{22FB811F-D66A-498F-8602-D3E6CFAE66D7}.CD_ROM|Win32.ActiveCfg = Release|Win32
		{22FB811F-D66A-498F-8602-D3E6CFAE66D7}.CD_ROM|Win32.Build.0 = Release|Win32
		{22FB811F-D66A-498F-8602-D3E6CFAE66D7}.CD_ROM|x64.ActiveCfg = Release|x64
		{22FB811F-D66A-498F-8602-D3E6CFAE66D7}.CD_ROM|x64.Build.0 = Release|x64
		{22FB811F-D66A-498F-8602-D3E6CFAE66D7}.Debug|Any CPU.ActiveCfg = Debug|Win32
		{22FB811F-D66A-498F-8602-D3E6CFAE66D7}.Debug|Mixed Platforms.ActiveCfg = Debug|Win32
		{22FB811F-D66A-498F-8602-D3E6CFAE66D7}.Debug|Mixed Platforms.Build.0 = Debug|Win32
		{22FB811F-D66A-498F-8602-D3E6CFAE66D7}.Debug|Win32.ActiveCfg = Debug|Win32
		{22FB811F-D66A-498F-8602-D3E6CFAE66D7}.Debug|Win32.Build.0 = Debug|Win32
		{22FB811F-D66A-498F-8602-D3E6CFAE66D7}.Debug|x64.ActiveCfg = Debug|x64
		{22FB811F-D66A-498F-8602-D3E6CFAE66D7}.Debug|x64.Build.0 = Debug|x64
		{22FB811F-D66A-498F-8602-D3E6CFAE66D7}.DVD-5|Any CPU.ActiveCfg = Release|x64
		{22FB811F-D66A-498F-8602-D3E6CFAE66D7}.DVD-5|Any CPU.Build.0 = Release|x64
		{22FB811F-D66A-498F-8602-D3E6CFAE66D7}.DVD-5|Mixed Platforms.ActiveCfg = Debug|Win32
		{22FB811F-D66A-498F-8602-D3E6CFAE66D7}.DVD-5|Mixed Platforms.Build.0 = Debug|Win32
		{22FB811F-D66A-498F-8602-D3E6CFAE66D7}.DVD-5|Win32.ActiveCfg = Debug|Win32
		{22FB811F-D66A-498F-8602-D3E6CFAE66D7}.DVD-5|Win32.Build.0 = Debug|Win32
		{22FB811F-D66A-498F-8602-D3E6CFAE66D7}.DVD-5|x64.ActiveCfg = Debug|x64
		{22FB811F-D66A-498F-8602-D3E6CFAE66D7}.DVD-5|x64.Build.0 = Debug|x64
		{22FB811F-D66A-498F-8602-D3E6CFAE66D7}.Release|Any CPU.ActiveCfg = Release|Win32
		{22FB811F-D66A-498F-8602-D3E6CFAE66D7}.Release|Mixed Platforms.ActiveCfg = Release|Win32
		{22FB811F-D66A-498F-8602-D3E6CFAE66D7}.Release|Mixed Platforms.Build.0 = Release|Win32
		{22FB811F-D66A-498F-8602-D3E6CFAE66D7}.Release|Win32.ActiveCfg = Release|Win32
		{22FB811F-D66A-498F-8602-D3E6CFAE66D7}.Release|Win32.Build.0 = Release|Win32
		{22FB811F-D66A-498F-8602-D3E6CFAE66D7}.Release|x64.ActiveCfg = Release|x64
		{22FB811F-D66A-498F-8602-D3E6CFAE66D7}.Release|x64.Build.0 = Release|x64
		{22FB811F-D66A-498F-8602-D3E6CFAE66D7}.SingleImage|Any CPU.ActiveCfg = Release|x64
		{22FB811F-D66A-498F-8602-D3E6CFAE66D7}.SingleImage|Any CPU.Build.0 = Release|x64
		{22FB811F-D66A-498F-8602-D3E6CFAE66D7}.SingleImage|Mixed Platforms.ActiveCfg = Release|Win32
		{22FB811F-D66A-498F-8602-D3E6CFAE66D7}.SingleImage|Mixed Platforms.Build.0 = Release|Win32
		{22FB811F-D66A-498F-8602-D3E6CFAE66D7}.SingleImage|Win32.ActiveCfg = Release|Win32
		{22FB811F-D66A-498F-8602-D3E6CFAE66D7}.SingleImage|Win32.Build.0 = Release|Win32
		{22FB811F-D66A-498F-8602-D3E6CFAE66D7}.SingleImage|x64.ActiveCfg = Release|x64
		{22FB811F-D66A-498F-8602-D3E6CFAE66D7}.SingleImage|x64.Build.0 = Release|x64
		{B59C6172-2BA2-4EA1-A936-023CE1A091A0}.CD_ROM|Any CPU.ActiveCfg = Release
		{B59C6172-2BA2-4EA1-A936-023CE1A091A0}.CD_ROM|Mixed Platforms.ActiveCfg = Release
		{B59C6172-2BA2-4EA1-A936-023CE1A091A0}.CD_ROM|Win32.ActiveCfg = Release
		{B59C6172-2BA2-4EA1-A936-023CE1A091A0}.CD_ROM|x64.ActiveCfg = Release
		{B59C6172-2BA2-4EA1-A936-023CE1A091A0}.Debug|Any CPU.ActiveCfg = Debug
		{B59C6172-2BA2-4EA1-A936-023CE1A091A0}.Debug|Mixed Platforms.ActiveCfg = Debug
		{B59C6172-2BA2-4EA1-A936-023CE1A091A0}.Debug|Win32.ActiveCfg = Debug
		{B59C6172-2BA2-4EA1-A936-023CE1A091A0}.Debug|x64.ActiveCfg = Debug
		{B59C6172-2BA2-4EA1-A936-023CE1A091A0}.DVD-5|Any CPU.ActiveCfg = Debug
		{B59C6172-2BA2-4EA1-A936-023CE1A091A0}.DVD-5|Mixed Platforms.ActiveCfg = Debug
		{B59C6172-2BA2-4EA1-A936-023CE1A091A0}.DVD-5|Win32.ActiveCfg = Debug
		{B59C6172-2BA2-4EA1-A936-023CE1A091A0}.DVD-5|x64.ActiveCfg = Debug
		{B59C6172-2BA2-4EA1-A936-023CE1A091A0}.Release|Any CPU.ActiveCfg = Release
		{B59C6172-2BA2-4EA1-A936-023CE1A091A0}.Release|Mixed Platforms.ActiveCfg = Release
		{B59C6172-2BA2-4EA1-A936-023CE1A091A0}.Release|Win32.ActiveCfg = Release
		{B59C6172-2BA2-4EA1-A936-023CE1A091A0}.Release|x64.ActiveCfg = Release
		{B59C6172-2BA2-4EA1-A936-023CE1A091A0}.SingleImage|Any CPU.ActiveCfg = Release
		{B59C6172-2BA2-4EA1-A936-023CE1A091A0}.SingleImage|Mixed Platforms.ActiveCfg = Release
		{B59C6172-2BA2-4EA1-A936-023CE1A091A0}.SingleImage|Win32.ActiveCfg = Release
		{B59C6172-2BA2-4EA1-A936-023CE1A091A0}.SingleImage|x64.ActiveCfg = Release
		{99CDA300-F188-43B4-A9C7-0541332B4F97}.CD_ROM|Any CPU.ActiveCfg = Release|Any CPU
		{99CDA300-F188-43B4-A9C7-0541332B4F97}.CD_ROM|Any CPU.Build.0 = Release|Any CPU
		{99CDA300-F188-43B4-A9C7-0541332B4F97}.CD_ROM|Mixed Platforms.ActiveCfg = Release|Any CPU
		{99CDA300-F188-43B4-A9C7-0541332B4F97}.CD_ROM|Mixed Platforms.Build.0 = Release|Any CPU
		{99CDA300-F188-43B4-A9C7-0541332B4F97}.CD_ROM|Win32.ActiveCfg = Release|Any CPU
		{99CDA300-F188-43B4-A9C7-0541332B4F97}.CD_ROM|Win32.Build.0 = Release|Any CPU
		{99CDA300-F188-43B4-A9C7-0541332B4F97}.CD_ROM|x64.ActiveCfg = Release|Any CPU
		{99CDA300-F188-43B4-A9C7-0541332B4F97}.CD_ROM|x64.Build.0 = Release|Any CPU
		{99CDA300-F188-43B4-A9C7-0541332B4F97}.Debug|Any CPU.ActiveCfg = Debug|Any CPU
		{99CDA300-F188-43B4-A9C7-0541332B4F97}.Debug|Any CPU.Build.0 = Debug|Any CPU
		{99CDA300-F188-43B4-A9C7-0541332B4F97}.Debug|Mixed Platforms.ActiveCfg = Debug|Any CPU
		{99CDA300-F188-43B4-A9C7-0541332B4F97}.Debug|Mixed Platforms.Build.0 = Debug|Any CPU
		{99CDA300-F188-43B4-A9C7-0541332B4F97}.Debug|Win32.ActiveCfg = Debug|Any CPU
		{99CDA300-F188-43B4-A9C7-0541332B4F97}.Debug|Win32.Build.0 = Debug|Any CPU
		{99CDA300-F188-43B4-A9C7-0541332B4F97}.Debug|x64.ActiveCfg = Debug|Any CPU
		{99CDA300-F188-43B4-A9C7-0541332B4F97}.Debug|x64.Build.0 = Debug|Any CPU
		{99CDA300-F188-43B4-A9C7-0541332B4F97}.DVD-5|Any CPU.ActiveCfg = Debug|Any CPU
		{99CDA300-F188-43B4-A9C7-0541332B4F97}.DVD-5|Any CPU.Build.0 = Debug|Any CPU
		{99CDA300-F188-43B4-A9C7-0541332B4F97}.DVD-5|Mixed Platforms.ActiveCfg = Debug|Any CPU
		{99CDA300-F188-43B4-A9C7-0541332B4F97}.DVD-5|Mixed Platforms.Build.0 = Debug|Any CPU
		{99CDA300-F188-43B4-A9C7-0541332B4F97}.DVD-5|Win32.ActiveCfg = Debug|Any CPU
		{99CDA300-F188-43B4-A9C7-0541332B4F97}.DVD-5|Win32.Build.0 = Debug|Any CPU
		{99CDA300-F188-43B4-A9C7-0541332B4F97}.DVD-5|x64.ActiveCfg = Debug|Any CPU
		{99CDA300-F188-43B4-A9C7-0541332B4F97}.DVD-5|x64.Build.0 = Debug|Any CPU
		{99CDA300-F188-43B4-A9C7-0541332B4F97}.Release|Any CPU.ActiveCfg = Release|Any CPU
		{99CDA300-F188-43B4-A9C7-0541332B4F97}.Release|Any CPU.Build.0 = Release|Any CPU
		{99CDA300-F188-43B4-A9C7-0541332B4F97}.Release|Mixed Platforms.ActiveCfg = Release|Any CPU
		{99CDA300-F188-43B4-A9C7-0541332B4F97}.Release|Mixed Platforms.Build.0 = Release|Any CPU
		{99CDA300-F188-43B4-A9C7-0541332B4F97}.Release|Win32.ActiveCfg = Release|Any CPU
		{99CDA300-F188-43B4-A9C7-0541332B4F97}.Release|Win32.Build.0 = Release|Any CPU
		{99CDA300-F188-43B4-A9C7-0541332B4F97}.Release|x64.ActiveCfg = Release|Any CPU
		{99CDA300-F188-43B4-A9C7-0541332B4F97}.Release|x64.Build.0 = Release|Any CPU
		{99CDA300-F188-43B4-A9C7-0541332B4F97}.SingleImage|Any CPU.ActiveCfg = Release|Any CPU
		{99CDA300-F188-43B4-A9C7-0541332B4F97}.SingleImage|Any CPU.Build.0 = Release|Any CPU
		{99CDA300-F188-43B4-A9C7-0541332B4F97}.SingleImage|Mixed Platforms.ActiveCfg = Release|Any CPU
		{99CDA300-F188-43B4-A9C7-0541332B4F97}.SingleImage|Mixed Platforms.Build.0 = Release|Any CPU
		{99CDA300-F188-43B4-A9C7-0541332B4F97}.SingleImage|Win32.ActiveCfg = Release|Any CPU
		{99CDA300-F188-43B4-A9C7-0541332B4F97}.SingleImage|Win32.Build.0 = Release|Any CPU
		{99CDA300-F188-43B4-A9C7-0541332B4F97}.SingleImage|x64.ActiveCfg = Release|Any CPU
		{99CDA300-F188-43B4-A9C7-0541332B4F97}.SingleImage|x64.Build.0 = Release|Any CPU
	EndGlobalSection
	GlobalSection(SolutionProperties) = preSolution
		HideSolutionNode = FALSE
	EndGlobalSection
	GlobalSection(ExtensibilityGlobals) = postSolution
		SolutionGuid = {5FC82AA7-B290-4342-9597-9D20ED16DFD2}
	EndGlobalSection
EndGlobal
